
Microsoft Visual Studio Solution File, Format Version 12.00
# Visual Studio Version 17
VisualStudioVersion = 17.9.34723.18
MinimumVisualStudioVersion = 10.0.40219.1
Project("{2150E333-8FDC-42A3-9474-1A3956D46DE8}") = "src", "src", "{2782F740-EAA2-4F86-8439-2F70DCAB5E7B}"
EndProject
Project("{2150E333-8FDC-42A3-9474-1A3956D46DE8}") = "Core", "Core", "{29116D50-F6EB-4690-A58C-AD4655299886}"
EndProject
Project("{2150E333-8FDC-42A3-9474-1A3956D46DE8}") = "Infraestructure", "Infraestructure", "{85B98647-3AA3-4AA5-94AD-0674F9FB24B5}"
EndProject
Project("{2150E333-8FDC-42A3-9474-1A3956D46DE8}") = "Presentation", "Presentation", "{4F8AB972-F3C7-4F02-A96C-DBCD432F763D}"
EndProject
Project("{FAE04EC0-301F-11D3-BF4B-00C04F79EFBC}") = "Application", "Application\Application.csproj", "{A494C9FA-B36C-4319-BF98-E0A85605E376}"
EndProject
Project("{FAE04EC0-301F-11D3-BF4B-00C04F79EFBC}") = "Domain", "Domain\Domain.csproj", "{C462F564-79C7-4794-AF0D-DF50F411FA69}"
EndProject
Project("{FAE04EC0-301F-11D3-BF4B-00C04F79EFBC}") = "Persistence", "Persistence\Persistence.csproj", "{C6A9BF0A-9920-4E55-BFEC-CBEA32319C25}"
EndProject
Project("{FAE04EC0-301F-11D3-BF4B-00C04F79EFBC}") = "Shared", "Shared\Shared.csproj", "{9EF34B9D-CB1F-45EA-8512-1784799D5144}"
EndProject
Project("{FAE04EC0-301F-11D3-BF4B-00C04F79EFBC}") = "WebAPI", "WebAPI\WebAPI.csproj", "{687D8D52-AF08-46F7-8F6A-78B95079D1E6}"
EndProject
Global
	GlobalSection(SolutionConfigurationPlatforms) = preSolution
		Debug|Any CPU = Debug|Any CPU
		Release|Any CPU = Release|Any CPU
	EndGlobalSection
	GlobalSection(ProjectConfigurationPlatforms) = postSolution
		{A494C9FA-B36C-4319-BF98-E0A85605E376}.Debug|Any CPU.ActiveCfg = Debug|Any CPU
		{A494C9FA-B36C-4319-BF98-E0A85605E376}.Debug|Any CPU.Build.0 = Debug|Any CPU
		{A494C9FA-B36C-4319-BF98-E0A85605E376}.Release|Any CPU.ActiveCfg = Release|Any CPU
		{A494C9FA-B36C-4319-BF98-E0A85605E376}.Release|Any CPU.Build.0 = Release|Any CPU
		{C462F564-79C7-4794-AF0D-DF50F411FA69}.Debug|Any CPU.ActiveCfg = Debug|Any CPU
		{C462F564-79C7-4794-AF0D-DF50F411FA69}.Debug|Any CPU.Build.0 = Debug|Any CPU
		{C462F564-79C7-4794-AF0D-DF50F411FA69}.Release|Any CPU.ActiveCfg = Release|Any CPU
		{C462F564-79C7-4794-AF0D-DF50F411FA69}.Release|Any CPU.Build.0 = Release|Any CPU
		{C6A9BF0A-9920-4E55-BFEC-CBEA32319C25}.Debug|Any CPU.ActiveCfg = Debug|Any CPU
		{C6A9BF0A-9920-4E55-BFEC-CBEA32319C25}.Debug|Any CPU.Build.0 = Debug|Any CPU
		{C6A9BF0A-9920-4E55-BFEC-CBEA32319C25}.Release|Any CPU.ActiveCfg = Release|Any CPU
		{C6A9BF0A-9920-4E55-BFEC-CBEA32319C25}.Release|Any CPU.Build.0 = Release|Any CPU
		{9EF34B9D-CB1F-45EA-8512-1784799D5144}.Debug|Any CPU.ActiveCfg = Debug|Any CPU
		{9EF34B9D-CB1F-45EA-8512-1784799D5144}.Debug|Any CPU.Build.0 = Debug|Any CPU
		{9EF34B9D-CB1F-45EA-8512-1784799D5144}.Release|Any CPU.ActiveCfg = Release|Any CPU
		{9EF34B9D-CB1F-45EA-8512-1784799D5144}.Release|Any CPU.Build.0 = Release|Any CPU
		{687D8D52-AF08-46F7-8F6A-78B95079D1E6}.Debug|Any CPU.ActiveCfg = Debug|Any CPU
		{687D8D52-AF08-46F7-8F6A-78B95079D1E6}.Debug|Any CPU.Build.0 = Debug|Any CPU
		{687D8D52-AF08-46F7-8F6A-78B95079D1E6}.Release|Any CPU.ActiveCfg = Release|Any CPU
		{687D8D52-AF08-46F7-8F6A-78B95079D1E6}.Release|Any CPU.Build.0 = Release|Any CPU
	EndGlobalSection
	GlobalSection(SolutionProperties) = preSolution
		HideSolutionNode = FALSE
	EndGlobalSection
	GlobalSection(NestedProjects) = preSolution
		{29116D50-F6EB-4690-A58C-AD4655299886} = {2782F740-EAA2-4F86-8439-2F70DCAB5E7B}
		{85B98647-3AA3-4AA5-94AD-0674F9FB24B5} = {2782F740-EAA2-4F86-8439-2F70DCAB5E7B}
		{4F8AB972-F3C7-4F02-A96C-DBCD432F763D} = {2782F740-EAA2-4F86-8439-2F70DCAB5E7B}
		{A494C9FA-B36C-4319-BF98-E0A85605E376} = {29116D50-F6EB-4690-A58C-AD4655299886}
		{C462F564-79C7-4794-AF0D-DF50F411FA69} = {29116D50-F6EB-4690-A58C-AD4655299886}
		{C6A9BF0A-9920-4E55-BFEC-CBEA32319C25} = {85B98647-3AA3-4AA5-94AD-0674F9FB24B5}
		{9EF34B9D-CB1F-45EA-8512-1784799D5144} = {85B98647-3AA3-4AA5-94AD-0674F9FB24B5}
		{687D8D52-AF08-46F7-8F6A-78B95079D1E6} = {4F8AB972-F3C7-4F02-A96C-DBCD432F763D}
	EndGlobalSection
	GlobalSection(ExtensibilityGlobals) = postSolution
		SolutionGuid = {10888B10-87F5-4AE0-A509-25A2F59730B9}
	EndGlobalSection
EndGlobal
